
Microsoft Visual Studio Solution File, Format Version 12.00
# Visual Studio Version 17
VisualStudioVersion = 17.12.35527.113
MinimumVisualStudioVersion = 10.0.40219.1
Project("{FAE04EC0-301F-11D3-BF4B-00C04F79EFBC}") = "WebFormsProject", "WebFormsProject\WebFormsProject.csproj", "{B6E949C3-6956-42EB-8601-E894CCCF65C2}"
EndProject
Project("{FAE04EC0-301F-11D3-BF4B-00C04F79EFBC}") = "WebApplication1", "WebApplication1\WebApplication1.csproj", "{AC05C1C0-7664-4319-96F5-4EE040DE83FA}"
EndProject
Global
	GlobalSection(SolutionConfigurationPlatforms) = preSolution
		Debug|Any CPU = Debug|Any CPU
		Release|Any CPU = Release|Any CPU
	EndGlobalSection
	GlobalSection(ProjectConfigurationPlatforms) = postSolution
		{B6E949C3-6956-42EB-8601-E894CCCF65C2}.Debug|Any CPU.ActiveCfg = Debug|Any CPU
		{B6E949C3-6956-42EB-8601-E894CCCF65C2}.Debug|Any CPU.Build.0 = Debug|Any CPU
		{B6E949C3-6956-42EB-8601-E894CCCF65C2}.Release|Any CPU.ActiveCfg = Release|Any CPU
		{B6E949C3-6956-42EB-8601-E894CCCF65C2}.Release|Any CPU.Build.0 = Release|Any CPU
		{AC05C1C0-7664-4319-96F5-4EE040DE83FA}.Debug|Any CPU.ActiveCfg = Debug|Any CPU
		{AC05C1C0-7664-4319-96F5-4EE040DE83FA}.Debug|Any CPU.Build.0 = Debug|Any CPU
		{AC05C1C0-7664-4319-96F5-4EE040DE83FA}.Release|Any CPU.ActiveCfg = Release|Any CPU
		{AC05C1C0-7664-4319-96F5-4EE040DE83FA}.Release|Any CPU.Build.0 = Release|Any CPU
	EndGlobalSection
	GlobalSection(SolutionProperties) = preSolution
		HideSolutionNode = FALSE
	EndGlobalSection
EndGlobal
